
Microsoft Visual Studio Solution File, Format Version 12.00
# Visual Studio Version 17
VisualStudioVersion = 17.0.31903.59
MinimumVisualStudioVersion = 10.0.40219.1
Project("{9A19103F-16F7-4668-BE54-9A1E7A4F7556}") = "Prognetics.Saga.Orchestrator", "Orchestrator\Prognetics.Saga.Orchestrator\Prognetics.Saga.Orchestrator.csproj", "{8EC4671C-E4E8-4B73-9A37-005858162BA8}"
EndProject
Project("{2150E333-8FDC-42A3-9474-1A3956D46DE8}") = "Orchestrator", "Orchestrator", "{663538F2-01D4-45C1-BD52-EC702496D50A}"
EndProject
Project("{2150E333-8FDC-42A3-9474-1A3956D46DE8}") = "QueueIntegrations", "QueueIntegrations", "{96144EF9-54CF-4A85-92D6-376A1FD2063C}"
EndProject
Project("{9A19103F-16F7-4668-BE54-9A1E7A4F7556}") = "Prognetics.Saga.Queue.RabbitMQ", "QueueIntegrations\Prognetics.Saga.Queue.RabbitMQ\Prognetics.Saga.Queue.RabbitMQ.csproj", "{44870873-4C88-4733-8754-98CA2BDD7C66}"
EndProject
Project("{2150E333-8FDC-42A3-9474-1A3956D46DE8}") = "Parsers", "Parsers", "{1C8734BE-A0B5-47B1-91E8-7FED1B34E1D8}"
EndProject
Project("{9A19103F-16F7-4668-BE54-9A1E7A4F7556}") = "Prognetics.Saga.Parser.Json", "Parsers\Prognetics.Saga.Parser.Json\Prognetics.Saga.Parser.Json.csproj", "{E6CAC4AF-1783-4E2E-BE11-0ABBE4D129E6}"
EndProject
Project("{9A19103F-16F7-4668-BE54-9A1E7A4F7556}") = "Prognetics.Saga.Orchestrator.Unit.Tests", "Orchestrator\Prognetics.Saga.Orchestrator.Unit.Tests\Prognetics.Saga.Orchestrator.Unit.Tests.csproj", "{3FA17D3B-9A49-407B-899A-568206D59EB6}"
EndProject
Project("{9A19103F-16F7-4668-BE54-9A1E7A4F7556}") = "Prognetics.Saga.Queue.RabbitMQ.Unit.Tests", "QueueIntegrations\Prognetics.Saga.Queue.RabbitMQ.Unit.Tests\Prognetics.Saga.Queue.RabbitMQ.Unit.Tests.csproj", "{6363B7BE-F9B2-4B24-B127-854ECC72F8B7}"
EndProject
Project("{9A19103F-16F7-4668-BE54-9A1E7A4F7556}") = "Prognetics.Saga.Queue.RabbitMQ.Integration.Tests", "QueueIntegrations\Prognetics.Saga.Queue.RabbitMQ.Integration.Tests\Prognetics.Saga.Queue.RabbitMQ.Integration.Tests.csproj", "{4CCD633A-0EC2-42F1-B25F-8923DC5CED10}"
EndProject
Project("{9A19103F-16F7-4668-BE54-9A1E7A4F7556}") = "Prognetics.Saga.Queue.RabbitMQ.DependencyInjection", "QueueIntegrations\Prognetics.Saga.Queue.RabbitMQ.DependencyInjection\Prognetics.Saga.Queue.RabbitMQ.DependencyInjection.csproj", "{7B579A9F-5F12-4C20-B68A-DCF301D065DA}"
EndProject
Project("{2150E333-8FDC-42A3-9474-1A3956D46DE8}") = "Builds", "Builds", "{2E4CD3C4-3D88-4422-A19C-CC256034B6BA}"
	ProjectSection(SolutionItems) = preProject
		.github\workflows\Orchestrator-Release-Build.yml = .github\workflows\Orchestrator-Release-Build.yml
		.github\workflows\Parser-Json-Release-Build.yml = .github\workflows\Parser-Json-Release-Build.yml
		.github\workflows\PR-Build.yml = .github\workflows\PR-Build.yml
		.github\workflows\QueueIntegration-RabbitMq-Release-Build.yml = .github\workflows\QueueIntegration-RabbitMq-Release-Build.yml
	EndProjectSection
EndProject
Project("{9A19103F-16F7-4668-BE54-9A1E7A4F7556}") = "Prognetics.Saga.Orchestrator.Contract", "Orchestrator\Prognetics.Saga.Orchestrator.Contract\Prognetics.Saga.Orchestrator.Contract.csproj", "{005EF194-3040-458C-AD4D-2FC611910D2F}"
EndProject
Project("{2150E333-8FDC-42A3-9474-1A3956D46DE8}") = "Core", "Core", "{803D5E6D-9FD3-4275-9134-92E0754E9E18}"
EndProject
Project("{9A19103F-16F7-4668-BE54-9A1E7A4F7556}") = "Prognetics.Saga.Core", "Core\Prognetics.Saga.Core\Prognetics.Saga.Core.csproj", "{9840662A-C534-47AD-9F4E-7819A463365E}"
EndProject
Project("{9A19103F-16F7-4668-BE54-9A1E7A4F7556}") = "Prognetics.Saga.Parsers.Core", "Core\Prognetics.Saga.Parsers.Core\Prognetics.Saga.Parsers.Core.csproj", "{FEAACAF5-1834-4111-8550-AC23EFB51AA1}"
EndProject
Project("{9A19103F-16F7-4668-BE54-9A1E7A4F7556}") = "Prognetics.Saga.Core.DependencyInjection", "Core\Prognetics.Saga.Core.DependencyInjection\Prognetics.Saga.Core.DependencyInjection.csproj", "{7E1A280D-E938-4D79-AB24-CD32F643A8B2}"
EndProject
Project("{9A19103F-16F7-4668-BE54-9A1E7A4F7556}") = "Prognetics.Saga.Parsers.DependencyInjection", "Core\Prognetics.Saga.Parsers.DependencyInjection\Prognetics.Saga.Parsers.DependencyInjection.csproj", "{9AE0881D-0F74-4B91-8643-C33876500B02}"
EndProject
Project("{2150E333-8FDC-42A3-9474-1A3956D46DE8}") = "SagaLogIntegrations", "SagaLogIntegrations", "{AFBEEE32-2F46-4854-9B0C-1945FB6F70DF}"
EndProject
Project("{FAE04EC0-301F-11D3-BF4B-00C04F79EFBC}") = "Prognetics.Saga.Log.MongoDb", "SagaLogIntegrations\Prognetics.Saga.Log.MongoDb\Prognetics.Saga.Log.MongoDb.csproj", "{F109E817-73FF-4FC7-837F-14BF4781A15D}"
EndProject
Global
	GlobalSection(SolutionConfigurationPlatforms) = preSolution
		Debug|Any CPU = Debug|Any CPU
		Release|Any CPU = Release|Any CPU
	EndGlobalSection
	GlobalSection(ProjectConfigurationPlatforms) = postSolution
		{8EC4671C-E4E8-4B73-9A37-005858162BA8}.Debug|Any CPU.ActiveCfg = Debug|Any CPU
		{8EC4671C-E4E8-4B73-9A37-005858162BA8}.Debug|Any CPU.Build.0 = Debug|Any CPU
		{8EC4671C-E4E8-4B73-9A37-005858162BA8}.Release|Any CPU.ActiveCfg = Release|Any CPU
		{8EC4671C-E4E8-4B73-9A37-005858162BA8}.Release|Any CPU.Build.0 = Release|Any CPU
		{44870873-4C88-4733-8754-98CA2BDD7C66}.Debug|Any CPU.ActiveCfg = Debug|Any CPU
		{44870873-4C88-4733-8754-98CA2BDD7C66}.Debug|Any CPU.Build.0 = Debug|Any CPU
		{44870873-4C88-4733-8754-98CA2BDD7C66}.Release|Any CPU.ActiveCfg = Release|Any CPU
		{44870873-4C88-4733-8754-98CA2BDD7C66}.Release|Any CPU.Build.0 = Release|Any CPU
		{E6CAC4AF-1783-4E2E-BE11-0ABBE4D129E6}.Debug|Any CPU.ActiveCfg = Debug|Any CPU
		{E6CAC4AF-1783-4E2E-BE11-0ABBE4D129E6}.Debug|Any CPU.Build.0 = Debug|Any CPU
		{E6CAC4AF-1783-4E2E-BE11-0ABBE4D129E6}.Release|Any CPU.ActiveCfg = Release|Any CPU
		{E6CAC4AF-1783-4E2E-BE11-0ABBE4D129E6}.Release|Any CPU.Build.0 = Release|Any CPU
		{3FA17D3B-9A49-407B-899A-568206D59EB6}.Debug|Any CPU.ActiveCfg = Debug|Any CPU
		{3FA17D3B-9A49-407B-899A-568206D59EB6}.Debug|Any CPU.Build.0 = Debug|Any CPU
		{3FA17D3B-9A49-407B-899A-568206D59EB6}.Release|Any CPU.ActiveCfg = Release|Any CPU
		{3FA17D3B-9A49-407B-899A-568206D59EB6}.Release|Any CPU.Build.0 = Release|Any CPU
		{6363B7BE-F9B2-4B24-B127-854ECC72F8B7}.Debug|Any CPU.ActiveCfg = Debug|Any CPU
		{6363B7BE-F9B2-4B24-B127-854ECC72F8B7}.Debug|Any CPU.Build.0 = Debug|Any CPU
		{6363B7BE-F9B2-4B24-B127-854ECC72F8B7}.Release|Any CPU.ActiveCfg = Release|Any CPU
		{6363B7BE-F9B2-4B24-B127-854ECC72F8B7}.Release|Any CPU.Build.0 = Release|Any CPU
		{4CCD633A-0EC2-42F1-B25F-8923DC5CED10}.Debug|Any CPU.ActiveCfg = Debug|Any CPU
		{4CCD633A-0EC2-42F1-B25F-8923DC5CED10}.Debug|Any CPU.Build.0 = Debug|Any CPU
		{4CCD633A-0EC2-42F1-B25F-8923DC5CED10}.Release|Any CPU.ActiveCfg = Release|Any CPU
		{4CCD633A-0EC2-42F1-B25F-8923DC5CED10}.Release|Any CPU.Build.0 = Release|Any CPU
		{7B579A9F-5F12-4C20-B68A-DCF301D065DA}.Debug|Any CPU.ActiveCfg = Debug|Any CPU
		{7B579A9F-5F12-4C20-B68A-DCF301D065DA}.Debug|Any CPU.Build.0 = Debug|Any CPU
		{7B579A9F-5F12-4C20-B68A-DCF301D065DA}.Release|Any CPU.ActiveCfg = Release|Any CPU
		{7B579A9F-5F12-4C20-B68A-DCF301D065DA}.Release|Any CPU.Build.0 = Release|Any CPU
		{005EF194-3040-458C-AD4D-2FC611910D2F}.Debug|Any CPU.ActiveCfg = Debug|Any CPU
		{005EF194-3040-458C-AD4D-2FC611910D2F}.Debug|Any CPU.Build.0 = Debug|Any CPU
		{005EF194-3040-458C-AD4D-2FC611910D2F}.Release|Any CPU.ActiveCfg = Release|Any CPU
		{005EF194-3040-458C-AD4D-2FC611910D2F}.Release|Any CPU.Build.0 = Release|Any CPU
		{9840662A-C534-47AD-9F4E-7819A463365E}.Debug|Any CPU.ActiveCfg = Debug|Any CPU
		{9840662A-C534-47AD-9F4E-7819A463365E}.Debug|Any CPU.Build.0 = Debug|Any CPU
		{9840662A-C534-47AD-9F4E-7819A463365E}.Release|Any CPU.ActiveCfg = Release|Any CPU
		{9840662A-C534-47AD-9F4E-7819A463365E}.Release|Any CPU.Build.0 = Release|Any CPU
		{FEAACAF5-1834-4111-8550-AC23EFB51AA1}.Debug|Any CPU.ActiveCfg = Debug|Any CPU
		{FEAACAF5-1834-4111-8550-AC23EFB51AA1}.Debug|Any CPU.Build.0 = Debug|Any CPU
		{FEAACAF5-1834-4111-8550-AC23EFB51AA1}.Release|Any CPU.ActiveCfg = Release|Any CPU
		{FEAACAF5-1834-4111-8550-AC23EFB51AA1}.Release|Any CPU.Build.0 = Release|Any CPU
		{7E1A280D-E938-4D79-AB24-CD32F643A8B2}.Debug|Any CPU.ActiveCfg = Debug|Any CPU
		{7E1A280D-E938-4D79-AB24-CD32F643A8B2}.Debug|Any CPU.Build.0 = Debug|Any CPU
		{7E1A280D-E938-4D79-AB24-CD32F643A8B2}.Release|Any CPU.ActiveCfg = Release|Any CPU
		{7E1A280D-E938-4D79-AB24-CD32F643A8B2}.Release|Any CPU.Build.0 = Release|Any CPU
		{9AE0881D-0F74-4B91-8643-C33876500B02}.Debug|Any CPU.ActiveCfg = Debug|Any CPU
		{9AE0881D-0F74-4B91-8643-C33876500B02}.Debug|Any CPU.Build.0 = Debug|Any CPU
		{9AE0881D-0F74-4B91-8643-C33876500B02}.Release|Any CPU.ActiveCfg = Release|Any CPU
		{9AE0881D-0F74-4B91-8643-C33876500B02}.Release|Any CPU.Build.0 = Release|Any CPU
		{F109E817-73FF-4FC7-837F-14BF4781A15D}.Debug|Any CPU.ActiveCfg = Debug|Any CPU
		{F109E817-73FF-4FC7-837F-14BF4781A15D}.Debug|Any CPU.Build.0 = Debug|Any CPU
		{F109E817-73FF-4FC7-837F-14BF4781A15D}.Release|Any CPU.ActiveCfg = Release|Any CPU
		{F109E817-73FF-4FC7-837F-14BF4781A15D}.Release|Any CPU.Build.0 = Release|Any CPU
	EndGlobalSection
	GlobalSection(SolutionProperties) = preSolution
		HideSolutionNode = FALSE
	EndGlobalSection
	GlobalSection(NestedProjects) = preSolution
		{8EC4671C-E4E8-4B73-9A37-005858162BA8} = {663538F2-01D4-45C1-BD52-EC702496D50A}
		{44870873-4C88-4733-8754-98CA2BDD7C66} = {96144EF9-54CF-4A85-92D6-376A1FD2063C}
		{E6CAC4AF-1783-4E2E-BE11-0ABBE4D129E6} = {1C8734BE-A0B5-47B1-91E8-7FED1B34E1D8}
		{3FA17D3B-9A49-407B-899A-568206D59EB6} = {663538F2-01D4-45C1-BD52-EC702496D50A}
		{6363B7BE-F9B2-4B24-B127-854ECC72F8B7} = {96144EF9-54CF-4A85-92D6-376A1FD2063C}
		{4CCD633A-0EC2-42F1-B25F-8923DC5CED10} = {96144EF9-54CF-4A85-92D6-376A1FD2063C}
		{7B579A9F-5F12-4C20-B68A-DCF301D065DA} = {96144EF9-54CF-4A85-92D6-376A1FD2063C}
		{005EF194-3040-458C-AD4D-2FC611910D2F} = {663538F2-01D4-45C1-BD52-EC702496D50A}
		{9840662A-C534-47AD-9F4E-7819A463365E} = {803D5E6D-9FD3-4275-9134-92E0754E9E18}
		{FEAACAF5-1834-4111-8550-AC23EFB51AA1} = {803D5E6D-9FD3-4275-9134-92E0754E9E18}
		{7E1A280D-E938-4D79-AB24-CD32F643A8B2} = {803D5E6D-9FD3-4275-9134-92E0754E9E18}
		{9AE0881D-0F74-4B91-8643-C33876500B02} = {803D5E6D-9FD3-4275-9134-92E0754E9E18}
		{F109E817-73FF-4FC7-837F-14BF4781A15D} = {AFBEEE32-2F46-4854-9B0C-1945FB6F70DF}
	EndGlobalSection
	GlobalSection(ExtensibilityGlobals) = postSolution
		SolutionGuid = {ED800AB2-E9FF-46A4-A3C1-34EA50109527}
	EndGlobalSection
EndGlobal
